
Microsoft Visual Studio Solution File, Format Version 12.00
# Visual Studio Version 17
VisualStudioVersion = 17.10.34916.146
MinimumVisualStudioVersion = 10.0.40219.1
Project("{FAE04EC0-301F-11D3-BF4B-00C04F79EFBC}") = "RegisterAndLoginApp", "RegisterAndLoginApp.csproj", "{A7B2D6EF-9699-407C-B0C6-F9BD11647F6E}"
EndProject
Global
	GlobalSection(SolutionConfigurationPlatforms) = preSolution
		Debug|Any CPU = Debug|Any CPU
		Release|Any CPU = Release|Any CPU
	EndGlobalSection
	GlobalSection(ProjectConfigurationPlatforms) = postSolution
		{A7B2D6EF-9699-407C-B0C6-F9BD11647F6E}.Debug|Any CPU.ActiveCfg = Debug|Any CPU
		{A7B2D6EF-9699-407C-B0C6-F9BD11647F6E}.Debug|Any CPU.Build.0 = Debug|Any CPU
		{A7B2D6EF-9699-407C-B0C6-F9BD11647F6E}.Release|Any CPU.ActiveCfg = Release|Any CPU
		{A7B2D6EF-9699-407C-B0C6-F9BD11647F6E}.Release|Any CPU.Build.0 = Release|Any CPU
	EndGlobalSection
	GlobalSection(SolutionProperties) = preSolution
		HideSolutionNode = FALSE
	EndGlobalSection
	GlobalSection(ExtensibilityGlobals) = postSolution
		SolutionGuid = {1242F771-5302-4D02-8644-C3AAFDACEA39}
	EndGlobalSection
EndGlobal
