
Microsoft Visual Studio Solution File, Format Version 12.00
# Visual Studio Version 17
VisualStudioVersion = 17.10.34916.146
MinimumVisualStudioVersion = 10.0.40219.1
Project("{FAE04EC0-301F-11D3-BF4B-00C04F79EFBC}") = "AppointmentMaker", "AppointmentMaker.csproj", "{69F27946-AEE3-4C65-B84D-22B47D4AF2C1}"
EndProject
Global
	GlobalSection(SolutionConfigurationPlatforms) = preSolution
		Debug|Any CPU = Debug|Any CPU
		Release|Any CPU = Release|Any CPU
	EndGlobalSection
	GlobalSection(ProjectConfigurationPlatforms) = postSolution
		{69F27946-AEE3-4C65-B84D-22B47D4AF2C1}.Debug|Any CPU.ActiveCfg = Debug|Any CPU
		{69F27946-AEE3-4C65-B84D-22B47D4AF2C1}.Debug|Any CPU.Build.0 = Debug|Any CPU
		{69F27946-AEE3-4C65-B84D-22B47D4AF2C1}.Release|Any CPU.ActiveCfg = Release|Any CPU
		{69F27946-AEE3-4C65-B84D-22B47D4AF2C1}.Release|Any CPU.Build.0 = Release|Any CPU
	EndGlobalSection
	GlobalSection(SolutionProperties) = preSolution
		HideSolutionNode = FALSE
	EndGlobalSection
	GlobalSection(ExtensibilityGlobals) = postSolution
		SolutionGuid = {E565B062-30FE-4CE3-8388-301E1FDD5433}
	EndGlobalSection
EndGlobal
